
Microsoft Visual Studio Solution File, Format Version 12.00
# Visual Studio 15
VisualStudioVersion = 15.0.28307.757
MinimumVisualStudioVersion = 10.0.40219.1
Project("{FAE04EC0-301F-11D3-BF4B-00C04F79EFBC}") = "MyTestApp.UWP", "MyTestApp\MyTestApp.UWP\MyTestApp.UWP.csproj", "{965A36C7-8FAE-4C32-A98E-DAE48D0910FC}"
EndProject
Project("{9A19103F-16F7-4668-BE54-9A1E7A4F7556}") = "MyTestApp", "MyTestApp\MyTestApp\MyTestApp.csproj", "{D546F7F8-94FA-454D-8EB0-D97691B2D61E}"
EndProject
Project("{FAE04EC0-301F-11D3-BF4B-00C04F79EFBC}") = "MyTestApp.Android", "MyTestApp\AppTest.Android\MyTestApp.Android.csproj", "{3987289E-13B8-425E-9814-AE80AE5BF4BF}"
EndProject
Project("{FAE04EC0-301F-11D3-BF4B-00C04F79EFBC}") = "MyTestApp.PortableClases", "MyTestApp\MyTestApp.PortableClases\MyTestApp.PortableClases.csproj", "{FDC53C72-E289-4FCF-9D7F-E59A1AD312D0}"
EndProject
Global
	GlobalSection(SolutionConfigurationPlatforms) = preSolution
		Debug|Any CPU = Debug|Any CPU
		Debug|ARM = Debug|ARM
		Debug|x64 = Debug|x64
		Debug|x86 = Debug|x86
		Release|Any CPU = Release|Any CPU
		Release|ARM = Release|ARM
		Release|x64 = Release|x64
		Release|x86 = Release|x86
	EndGlobalSection
	GlobalSection(ProjectConfigurationPlatforms) = postSolution
		{965A36C7-8FAE-4C32-A98E-DAE48D0910FC}.Debug|Any CPU.ActiveCfg = Debug|x86
		{965A36C7-8FAE-4C32-A98E-DAE48D0910FC}.Debug|Any CPU.Build.0 = Debug|x86
		{965A36C7-8FAE-4C32-A98E-DAE48D0910FC}.Debug|Any CPU.Deploy.0 = Debug|x86
		{965A36C7-8FAE-4C32-A98E-DAE48D0910FC}.Debug|ARM.ActiveCfg = Debug|ARM
		{965A36C7-8FAE-4C32-A98E-DAE48D0910FC}.Debug|ARM.Build.0 = Debug|ARM
		{965A36C7-8FAE-4C32-A98E-DAE48D0910FC}.Debug|ARM.Deploy.0 = Debug|ARM
		{965A36C7-8FAE-4C32-A98E-DAE48D0910FC}.Debug|x64.ActiveCfg = Debug|x64
		{965A36C7-8FAE-4C32-A98E-DAE48D0910FC}.Debug|x64.Build.0 = Debug|x64
		{965A36C7-8FAE-4C32-A98E-DAE48D0910FC}.Debug|x64.Deploy.0 = Debug|x64
		{965A36C7-8FAE-4C32-A98E-DAE48D0910FC}.Debug|x86.ActiveCfg = Debug|x86
		{965A36C7-8FAE-4C32-A98E-DAE48D0910FC}.Debug|x86.Build.0 = Debug|x86
		{965A36C7-8FAE-4C32-A98E-DAE48D0910FC}.Debug|x86.Deploy.0 = Debug|x86
		{965A36C7-8FAE-4C32-A98E-DAE48D0910FC}.Release|Any CPU.ActiveCfg = Release|x86
		{965A36C7-8FAE-4C32-A98E-DAE48D0910FC}.Release|Any CPU.Build.0 = Release|x86
		{965A36C7-8FAE-4C32-A98E-DAE48D0910FC}.Release|Any CPU.Deploy.0 = Release|x86
		{965A36C7-8FAE-4C32-A98E-DAE48D0910FC}.Release|ARM.ActiveCfg = Release|ARM
		{965A36C7-8FAE-4C32-A98E-DAE48D0910FC}.Release|ARM.Build.0 = Release|ARM
		{965A36C7-8FAE-4C32-A98E-DAE48D0910FC}.Release|ARM.Deploy.0 = Release|ARM
		{965A36C7-8FAE-4C32-A98E-DAE48D0910FC}.Release|x64.ActiveCfg = Release|x64
		{965A36C7-8FAE-4C32-A98E-DAE48D0910FC}.Release|x64.Build.0 = Release|x64
		{965A36C7-8FAE-4C32-A98E-DAE48D0910FC}.Release|x64.Deploy.0 = Release|x64
		{965A36C7-8FAE-4C32-A98E-DAE48D0910FC}.Release|x86.ActiveCfg = Release|x86
		{965A36C7-8FAE-4C32-A98E-DAE48D0910FC}.Release|x86.Build.0 = Release|x86
		{965A36C7-8FAE-4C32-A98E-DAE48D0910FC}.Release|x86.Deploy.0 = Release|x86
		{D546F7F8-94FA-454D-8EB0-D97691B2D61E}.Debug|Any CPU.ActiveCfg = Debug|Any CPU
		{D546F7F8-94FA-454D-8EB0-D97691B2D61E}.Debug|Any CPU.Build.0 = Debug|Any CPU
		{D546F7F8-94FA-454D-8EB0-D97691B2D61E}.Debug|Any CPU.Deploy.0 = Debug|Any CPU
		{D546F7F8-94FA-454D-8EB0-D97691B2D61E}.Debug|ARM.ActiveCfg = Debug|Any CPU
		{D546F7F8-94FA-454D-8EB0-D97691B2D61E}.Debug|ARM.Build.0 = Debug|Any CPU
		{D546F7F8-94FA-454D-8EB0-D97691B2D61E}.Debug|ARM.Deploy.0 = Debug|Any CPU
		{D546F7F8-94FA-454D-8EB0-D97691B2D61E}.Debug|x64.ActiveCfg = Debug|Any CPU
		{D546F7F8-94FA-454D-8EB0-D97691B2D61E}.Debug|x64.Build.0 = Debug|Any CPU
		{D546F7F8-94FA-454D-8EB0-D97691B2D61E}.Debug|x64.Deploy.0 = Debug|Any CPU
		{D546F7F8-94FA-454D-8EB0-D97691B2D61E}.Debug|x86.ActiveCfg = Debug|Any CPU
		{D546F7F8-94FA-454D-8EB0-D97691B2D61E}.Debug|x86.Build.0 = Debug|Any CPU
		{D546F7F8-94FA-454D-8EB0-D97691B2D61E}.Debug|x86.Deploy.0 = Debug|Any CPU
		{D546F7F8-94FA-454D-8EB0-D97691B2D61E}.Release|Any CPU.ActiveCfg = Release|Any CPU
		{D546F7F8-94FA-454D-8EB0-D97691B2D61E}.Release|Any CPU.Build.0 = Release|Any CPU
		{D546F7F8-94FA-454D-8EB0-D97691B2D61E}.Release|Any CPU.Deploy.0 = Release|Any CPU
		{D546F7F8-94FA-454D-8EB0-D97691B2D61E}.Release|ARM.ActiveCfg = Release|Any CPU
		{D546F7F8-94FA-454D-8EB0-D97691B2D61E}.Release|ARM.Build.0 = Release|Any CPU
		{D546F7F8-94FA-454D-8EB0-D97691B2D61E}.Release|ARM.Deploy.0 = Release|Any CPU
		{D546F7F8-94FA-454D-8EB0-D97691B2D61E}.Release|x64.ActiveCfg = Release|Any CPU
		{D546F7F8-94FA-454D-8EB0-D97691B2D61E}.Release|x64.Build.0 = Release|Any CPU
		{D546F7F8-94FA-454D-8EB0-D97691B2D61E}.Release|x64.Deploy.0 = Release|Any CPU
		{D546F7F8-94FA-454D-8EB0-D97691B2D61E}.Release|x86.ActiveCfg = Release|Any CPU
		{D546F7F8-94FA-454D-8EB0-D97691B2D61E}.Release|x86.Build.0 = Release|Any CPU
		{D546F7F8-94FA-454D-8EB0-D97691B2D61E}.Release|x86.Deploy.0 = Release|Any CPU
		{3987289E-13B8-425E-9814-AE80AE5BF4BF}.Debug|Any CPU.ActiveCfg = Debug|Any CPU
		{3987289E-13B8-425E-9814-AE80AE5BF4BF}.Debug|Any CPU.Build.0 = Debug|Any CPU
		{3987289E-13B8-425E-9814-AE80AE5BF4BF}.Debug|Any CPU.Deploy.0 = Debug|Any CPU
		{3987289E-13B8-425E-9814-AE80AE5BF4BF}.Debug|ARM.ActiveCfg = Debug|Any CPU
		{3987289E-13B8-425E-9814-AE80AE5BF4BF}.Debug|ARM.Build.0 = Debug|Any CPU
		{3987289E-13B8-425E-9814-AE80AE5BF4BF}.Debug|ARM.Deploy.0 = Debug|Any CPU
		{3987289E-13B8-425E-9814-AE80AE5BF4BF}.Debug|x64.ActiveCfg = Debug|Any CPU
		{3987289E-13B8-425E-9814-AE80AE5BF4BF}.Debug|x64.Build.0 = Debug|Any CPU
		{3987289E-13B8-425E-9814-AE80AE5BF4BF}.Debug|x64.Deploy.0 = Debug|Any CPU
		{3987289E-13B8-425E-9814-AE80AE5BF4BF}.Debug|x86.ActiveCfg = Debug|Any CPU
		{3987289E-13B8-425E-9814-AE80AE5BF4BF}.Debug|x86.Build.0 = Debug|Any CPU
		{3987289E-13B8-425E-9814-AE80AE5BF4BF}.Debug|x86.Deploy.0 = Debug|Any CPU
		{3987289E-13B8-425E-9814-AE80AE5BF4BF}.Release|Any CPU.ActiveCfg = Release|Any CPU
		{3987289E-13B8-425E-9814-AE80AE5BF4BF}.Release|Any CPU.Build.0 = Release|Any CPU
		{3987289E-13B8-425E-9814-AE80AE5BF4BF}.Release|Any CPU.Deploy.0 = Release|Any CPU
		{3987289E-13B8-425E-9814-AE80AE5BF4BF}.Release|ARM.ActiveCfg = Release|Any CPU
		{3987289E-13B8-425E-9814-AE80AE5BF4BF}.Release|ARM.Build.0 = Release|Any CPU
		{3987289E-13B8-425E-9814-AE80AE5BF4BF}.Release|ARM.Deploy.0 = Release|Any CPU
		{3987289E-13B8-425E-9814-AE80AE5BF4BF}.Release|x64.ActiveCfg = Release|Any CPU
		{3987289E-13B8-425E-9814-AE80AE5BF4BF}.Release|x64.Build.0 = Release|Any CPU
		{3987289E-13B8-425E-9814-AE80AE5BF4BF}.Release|x64.Deploy.0 = Release|Any CPU
		{3987289E-13B8-425E-9814-AE80AE5BF4BF}.Release|x86.ActiveCfg = Release|Any CPU
		{3987289E-13B8-425E-9814-AE80AE5BF4BF}.Release|x86.Build.0 = Release|Any CPU
		{3987289E-13B8-425E-9814-AE80AE5BF4BF}.Release|x86.Deploy.0 = Release|Any CPU
		{FDC53C72-E289-4FCF-9D7F-E59A1AD312D0}.Debug|Any CPU.ActiveCfg = Debug|Any CPU
		{FDC53C72-E289-4FCF-9D7F-E59A1AD312D0}.Debug|Any CPU.Build.0 = Debug|Any CPU
		{FDC53C72-E289-4FCF-9D7F-E59A1AD312D0}.Debug|ARM.ActiveCfg = Debug|Any CPU
		{FDC53C72-E289-4FCF-9D7F-E59A1AD312D0}.Debug|ARM.Build.0 = Debug|Any CPU
		{FDC53C72-E289-4FCF-9D7F-E59A1AD312D0}.Debug|x64.ActiveCfg = Debug|Any CPU
		{FDC53C72-E289-4FCF-9D7F-E59A1AD312D0}.Debug|x64.Build.0 = Debug|Any CPU
		{FDC53C72-E289-4FCF-9D7F-E59A1AD312D0}.Debug|x86.ActiveCfg = Debug|Any CPU
		{FDC53C72-E289-4FCF-9D7F-E59A1AD312D0}.Debug|x86.Build.0 = Debug|Any CPU
		{FDC53C72-E289-4FCF-9D7F-E59A1AD312D0}.Release|Any CPU.ActiveCfg = Release|Any CPU
		{FDC53C72-E289-4FCF-9D7F-E59A1AD312D0}.Release|Any CPU.Build.0 = Release|Any CPU
		{FDC53C72-E289-4FCF-9D7F-E59A1AD312D0}.Release|ARM.ActiveCfg = Release|Any CPU
		{FDC53C72-E289-4FCF-9D7F-E59A1AD312D0}.Release|ARM.Build.0 = Release|Any CPU
		{FDC53C72-E289-4FCF-9D7F-E59A1AD312D0}.Release|x64.ActiveCfg = Release|Any CPU
		{FDC53C72-E289-4FCF-9D7F-E59A1AD312D0}.Release|x64.Build.0 = Release|Any CPU
		{FDC53C72-E289-4FCF-9D7F-E59A1AD312D0}.Release|x86.ActiveCfg = Release|Any CPU
		{FDC53C72-E289-4FCF-9D7F-E59A1AD312D0}.Release|x86.Build.0 = Release|Any CPU
	EndGlobalSection
	GlobalSection(SolutionProperties) = preSolution
		HideSolutionNode = FALSE
	EndGlobalSection
	GlobalSection(ExtensibilityGlobals) = postSolution
		SolutionGuid = {17A27EB6-CF9F-4592-82B7-2E5B737C6474}
	EndGlobalSection
EndGlobal
